
Microsoft Visual Studio Solution File, Format Version 12.00
# Visual Studio Version 16
VisualStudioVersion = 16.0.33927.289
MinimumVisualStudioVersion = 10.0.40219.1
Project("{FAE04EC0-301F-11D3-BF4B-00C04F79EFBC}") = "TRUE_CONCEPT", "TRUE_CONCEPT\TRUE_CONCEPT.csproj", "{D4F022DC-9A9F-4B7D-94A0-E730770AE09B}"
EndProject
Global
	GlobalSection(SolutionConfigurationPlatforms) = preSolution
		Debug|Any CPU = Debug|Any CPU
		Release|Any CPU = Release|Any CPU
	EndGlobalSection
	GlobalSection(ProjectConfigurationPlatforms) = postSolution
		{D4F022DC-9A9F-4B7D-94A0-E730770AE09B}.Debug|Any CPU.ActiveCfg = Debug|Any CPU
		{D4F022DC-9A9F-4B7D-94A0-E730770AE09B}.Debug|Any CPU.Build.0 = Debug|Any CPU
		{D4F022DC-9A9F-4B7D-94A0-E730770AE09B}.Release|Any CPU.ActiveCfg = Release|Any CPU
		{D4F022DC-9A9F-4B7D-94A0-E730770AE09B}.Release|Any CPU.Build.0 = Release|Any CPU
	EndGlobalSection
	GlobalSection(SolutionProperties) = preSolution
		HideSolutionNode = FALSE
	EndGlobalSection
	GlobalSection(ExtensibilityGlobals) = postSolution
		SolutionGuid = {97C002E6-C2CE-474A-A2CD-423B77B2D43C}
	EndGlobalSection
EndGlobal
